
Microsoft Visual Studio Solution File, Format Version 12.00
# Visual Studio Version 17
VisualStudioVersion = 17.7.34031.279
MinimumVisualStudioVersion = 10.0.40219.1
Project("{FAE04EC0-301F-11D3-BF4B-00C04F79EFBC}") = "DZ 5", "DZ 5\DZ 5.csproj", "{B08BF2B1-0747-47C7-803E-BDE5DA492A2C}"
EndProject
Project("{FAE04EC0-301F-11D3-BF4B-00C04F79EFBC}") = "Georaf", "Georaf\Georaf.csproj", "{0AADDAFD-04FE-40CD-928E-E50218470452}"
EndProject
Global
	GlobalSection(SolutionConfigurationPlatforms) = preSolution
		Debug|Any CPU = Debug|Any CPU
		Release|Any CPU = Release|Any CPU
	EndGlobalSection
	GlobalSection(ProjectConfigurationPlatforms) = postSolution
		{B08BF2B1-0747-47C7-803E-BDE5DA492A2C}.Debug|Any CPU.ActiveCfg = Debug|Any CPU
		{B08BF2B1-0747-47C7-803E-BDE5DA492A2C}.Debug|Any CPU.Build.0 = Debug|Any CPU
		{B08BF2B1-0747-47C7-803E-BDE5DA492A2C}.Release|Any CPU.ActiveCfg = Release|Any CPU
		{B08BF2B1-0747-47C7-803E-BDE5DA492A2C}.Release|Any CPU.Build.0 = Release|Any CPU
		{0AADDAFD-04FE-40CD-928E-E50218470452}.Debug|Any CPU.ActiveCfg = Debug|Any CPU
		{0AADDAFD-04FE-40CD-928E-E50218470452}.Debug|Any CPU.Build.0 = Debug|Any CPU
		{0AADDAFD-04FE-40CD-928E-E50218470452}.Release|Any CPU.ActiveCfg = Release|Any CPU
		{0AADDAFD-04FE-40CD-928E-E50218470452}.Release|Any CPU.Build.0 = Release|Any CPU
	EndGlobalSection
	GlobalSection(SolutionProperties) = preSolution
		HideSolutionNode = FALSE
	EndGlobalSection
	GlobalSection(ExtensibilityGlobals) = postSolution
		SolutionGuid = {A531D57E-9C0C-4EFF-92F6-063DC4002039}
	EndGlobalSection
EndGlobal
